<?xml version="1.0" encoding="utf-8"?>
<Project ToolsVersion="4.0" xmlns="http://schemas.microsoft.com/developer/msbuild/2003">
  <ItemGroup>
    <Filter Include="소스 파일">
      <UniqueIdentifier>{4FC737F1-C7A5-4376-A066-2A32D752A2FF}</UniqueIdentifier>
      <Extensions>cpp;c;cc;cxx;def;odl;idl;hpj;bat;asm;asmx</Extensions>
    </Filter>
    <Filter Include="헤더 파일">
      <UniqueIdentifier>{93995380-89BD-4b04-88EB-625FBE52EBFB}</UniqueIdentifier>
      <Extensions>h;hh;hpp;hxx;hm;inl;inc;xsd</Extensions>
    </Filter>
    <Filter Include="리소스 파일">
      <UniqueIdentifier>{67DA6AB6-F800-4c08-8B7A-83BB121AAD01}</UniqueIdentifier>
      <Extensions>rc;ico;cur;bmp;dlg;rc2;rct;bin;rgs;gif;jpg;jpeg;jpe;resx;tiff;tif;png;wav;mfcribbon-ms</Extensions>
    </Filter>
    <Filter Include="소스 파일\MapFile">
      <UniqueIdentifier>{986425a1-62a9-40a1-bb09-b1c5e9a1d0b7}</UniqueIdentifier>
    </Filter>
    <Filter Include="소스 파일\01 Init">
      <UniqueIdentifier>{bb12538d-45f0-4034-b060-7453839984cc}</UniqueIdentifier>
    </Filter>
    <Filter Include="소스 파일\02 Render">
      <UniqueIdentifier>{e08cbf76-7846-4940-80bd-12308e0e343b}</UniqueIdentifier>
    </Filter>
    <Filter Include="소스 파일\03 Player">
      <UniqueIdentifier>{1442a5ac-b19a-47e1-a64e-f8121b17f711}</UniqueIdentifier>
    </Filter>
    <Filter Include="소스 파일\04 ETC">
      <UniqueIdentifier>{891b7f9c-bdd6-448d-a501-1e0a3abe7772}</UniqueIdentifier>
    </Filter>
    <Filter Include="소스 파일\05 Debug">
      <UniqueIdentifier>{c85e574c-445f-4a14-b7cd-385d0aa484e1}</UniqueIdentifier>
    </Filter>
    <Filter Include="소스 파일\MapFile\01 Castle">
      <UniqueIdentifier>{20f7d581-d9e7-4806-9bdc-f5afef938ddd}</UniqueIdentifier>
    </Filter>
    <Filter Include="소스 파일\MapFile\02 BattleMap">
      <UniqueIdentifier>{60ab8b10-7c39-444c-8fe6-477bbef3f7d4}</UniqueIdentifier>
    </Filter>
  </ItemGroup>
  <ItemGroup>
    <ClInclude Include="Game.h">
      <Filter>헤더 파일</Filter>
    </ClInclude>
    <ClInclude Include="Global.h">
      <Filter>헤더 파일</Filter>
    </ClInclude>
    <ClInclude Include="Init.h">
      <Filter>소스 파일\01 Init</Filter>
    </ClInclude>
    <ClInclude Include="Render.h">
      <Filter>소스 파일\02 Render</Filter>
    </ClInclude>
    <ClInclude Include="Update.h">
      <Filter>소스 파일\03 Player</Filter>
    </ClInclude>
    <ClInclude Include="Struct.h">
      <Filter>소스 파일\04 ETC</Filter>
    </ClInclude>
    <ClInclude Include="Type.h">
      <Filter>소스 파일\04 ETC</Filter>
    </ClInclude>
    <ClInclude Include="Debugging.h">
      <Filter>소스 파일\05 Debug</Filter>
    </ClInclude>
    <ClInclude Include="Macro.h">
      <Filter>헤더 파일</Filter>
    </ClInclude>
  </ItemGroup>
  <ItemGroup>
    <Text Include="NationWide.txt">
      <Filter>소스 파일\MapFile</Filter>
    </Text>
    <Text Include="CastleStage1.txt">
      <Filter>소스 파일\MapFile\01 Castle</Filter>
    </Text>
    <Text Include="CastleStage2.txt">
      <Filter>소스 파일\MapFile\01 Castle</Filter>
    </Text>
    <Text Include="BattleMap1.txt">
      <Filter>소스 파일\MapFile\02 BattleMap</Filter>
    </Text>
    <Text Include="BattleMap2.txt">
      <Filter>소스 파일\MapFile\02 BattleMap</Filter>
    </Text>
    <Text Include="BattleMap3.txt">
      <Filter>소스 파일\MapFile\02 BattleMap</Filter>
    </Text>
    <Text Include="CastleStage3.txt">
      <Filter>소스 파일\MapFile\01 Castle</Filter>
    </Text>
    <Text Include="CastleStage4.txt">
      <Filter>소스 파일\MapFile\01 Castle</Filter>
    </Text>
  </ItemGroup>
  <ItemGroup>
    <ClCompile Include="main.c">
      <Filter>소스 파일</Filter>
    </ClCompile>
    <ClCompile Include="Global.c">
      <Filter>소스 파일</Filter>
    </ClCompile>
    <ClCompile Include="Init.c">
      <Filter>소스 파일\01 Init</Filter>
    </ClCompile>
    <ClCompile Include="Render.c">
      <Filter>소스 파일\02 Render</Filter>
    </ClCompile>
    <ClCompile Include="Update.c">
      <Filter>소스 파일\03 Player</Filter>
    </ClCompile>
    <ClCompile Include="Debugging.c">
      <Filter>소스 파일\05 Debug</Filter>
    </ClCompile>
  </ItemGroup>
</Project>